
Microsoft Visual Studio Solution File, Format Version 12.00
# Visual Studio Version 17
VisualStudioVersion = 17.11.35208.52
MinimumVisualStudioVersion = 10.0.40219.1
Project("{9A19103F-16F7-4668-BE54-9A1E7A4F7556}") = "SocialMedia.Project.DAL", "SocialMedia.Project.DAL\SocialMedia.Project.DAL.csproj", "{E0D4DBA0-045F-49CB-9FDC-9789967D760D}"
EndProject
Project("{9A19103F-16F7-4668-BE54-9A1E7A4F7556}") = "SocialMedia.Project.Main", "SocialMedia.Project.Main\SocialMedia.Project.Main.csproj", "{837C4FE4-CAD2-4559-A115-B481A6E6E6EC}"
EndProject
Project("{9A19103F-16F7-4668-BE54-9A1E7A4F7556}") = "SocialMedia.Project.Models", "SocialMedia.Project.Models\SocialMedia.Project.Models.csproj", "{0C8AA517-2771-42D9-A07C-05290021F9C2}"
EndProject
Global
	GlobalSection(SolutionConfigurationPlatforms) = preSolution
		Debug|Any CPU = Debug|Any CPU
		Release|Any CPU = Release|Any CPU
	EndGlobalSection
	GlobalSection(ProjectConfigurationPlatforms) = postSolution
		{E0D4DBA0-045F-49CB-9FDC-9789967D760D}.Debug|Any CPU.ActiveCfg = Debug|Any CPU
		{E0D4DBA0-045F-49CB-9FDC-9789967D760D}.Debug|Any CPU.Build.0 = Debug|Any CPU
		{E0D4DBA0-045F-49CB-9FDC-9789967D760D}.Release|Any CPU.ActiveCfg = Release|Any CPU
		{E0D4DBA0-045F-49CB-9FDC-9789967D760D}.Release|Any CPU.Build.0 = Release|Any CPU
		{837C4FE4-CAD2-4559-A115-B481A6E6E6EC}.Debug|Any CPU.ActiveCfg = Debug|Any CPU
		{837C4FE4-CAD2-4559-A115-B481A6E6E6EC}.Debug|Any CPU.Build.0 = Debug|Any CPU
		{837C4FE4-CAD2-4559-A115-B481A6E6E6EC}.Release|Any CPU.ActiveCfg = Release|Any CPU
		{837C4FE4-CAD2-4559-A115-B481A6E6E6EC}.Release|Any CPU.Build.0 = Release|Any CPU
		{0C8AA517-2771-42D9-A07C-05290021F9C2}.Debug|Any CPU.ActiveCfg = Debug|Any CPU
		{0C8AA517-2771-42D9-A07C-05290021F9C2}.Debug|Any CPU.Build.0 = Debug|Any CPU
		{0C8AA517-2771-42D9-A07C-05290021F9C2}.Release|Any CPU.ActiveCfg = Release|Any CPU
		{0C8AA517-2771-42D9-A07C-05290021F9C2}.Release|Any CPU.Build.0 = Release|Any CPU
	EndGlobalSection
	GlobalSection(SolutionProperties) = preSolution
		HideSolutionNode = FALSE
	EndGlobalSection
	GlobalSection(ExtensibilityGlobals) = postSolution
		SolutionGuid = {4178E1B8-2833-4264-AB26-58E89071B191}
	EndGlobalSection
EndGlobal
